// !$*UTF8*$!
{
	archiveVersion = 1;
	classes = {
	};
	objectVersion = 46;
	objects = {

/* Begin PBXBuildFile section */
		371621371D658C0800CC2D4A /* CBWebImageCompat.m in Sources */ = {isa = PBXBuildFile; fileRef = 371621321D658C0800CC2D4A /* CBWebImageCompat.m */; };
		371621381D658C0800CC2D4A /* CBWebImageDownloader.m in Sources */ = {isa = PBXBuildFile; fileRef = 371621341D658C0800CC2D4A /* CBWebImageDownloader.m */; };
		371621391D658C0800CC2D4A /* CBWebImageDownloaderOperation.m in Sources */ = {isa = PBXBuildFile; fileRef = 371621361D658C0800CC2D4A /* CBWebImageDownloaderOperation.m */; };
		3716213C1D65AC5D00CC2D4A /* CBWebImageManager.m in Sources */ = {isa = PBXBuildFile; fileRef = 3716213B1D65AC5D00CC2D4A /* CBWebImageManager.m */; };
		371621411D65B93B00CC2D4A /* UIView+Layout.m in Sources */ = {isa = PBXBuildFile; fileRef = 371621401D65B93B00CC2D4A /* UIView+Layout.m */; };
		371621441D65CFE000CC2D4A /* CBImageCache.m in Sources */ = {isa = PBXBuildFile; fileRef = 371621431D65CFE000CC2D4A /* CBImageCache.m */; };
		37726A181D6447AB00294575 /* CBWebImageViewController.m in Sources */ = {isa = PBXBuildFile; fileRef = 37726A171D6447AB00294575 /* CBWebImageViewController.m */; };
		37726A211D64581300294575 /* CBGCDViewController.m in Sources */ = {isa = PBXBuildFile; fileRef = 37726A201D64581300294575 /* CBGCDViewController.m */; };
		37726A241D64582800294575 /* CBOperationViewController.m in Sources */ = {isa = PBXBuildFile; fileRef = 37726A231D64582800294575 /* CBOperationViewController.m */; };
		37726A271D64583500294575 /* CBThreadViewController.m in Sources */ = {isa = PBXBuildFile; fileRef = 37726A261D64583500294575 /* CBThreadViewController.m */; };
		3781767E1D61DA050092C6A4 /* CBNSRunLoopViewController.m in Sources */ = {isa = PBXBuildFile; fileRef = 3781767D1D61DA050092C6A4 /* CBNSRunLoopViewController.m */; };
		378176811D61DA180092C6A4 /* CBBaseViewController.m in Sources */ = {isa = PBXBuildFile; fileRef = 378176801D61DA180092C6A4 /* CBBaseViewController.m */; };
		378176841D61DA3F0092C6A4 /* CBCFRunLoopViewController.m in Sources */ = {isa = PBXBuildFile; fileRef = 378176831D61DA3F0092C6A4 /* CBCFRunLoopViewController.m */; };
		378176871D61E2380092C6A4 /* CBSwiftNormal.swift in Sources */ = {isa = PBXBuildFile; fileRef = 378176861D61E2380092C6A4 /* CBSwiftNormal.swift */; };
		3781768A1D61E2A70092C6A4 /* CBNormalInputSource.m in Sources */ = {isa = PBXBuildFile; fileRef = 378176891D61E2A70092C6A4 /* CBNormalInputSource.m */; };
		3781768E1D61E4980092C6A4 /* CBThread.m in Sources */ = {isa = PBXBuildFile; fileRef = 3781768D1D61E4980092C6A4 /* CBThread.m */; };
		378176931D62A9100092C6A4 /* CBKVORealizeViewController.m in Sources */ = {isa = PBXBuildFile; fileRef = 378176921D62A9100092C6A4 /* CBKVORealizeViewController.m */; };
		378176961D62A9600092C6A4 /* CBKVOBlockViewController.m in Sources */ = {isa = PBXBuildFile; fileRef = 378176951D62A9600092C6A4 /* CBKVOBlockViewController.m */; };
		378176991D62AB980092C6A4 /* CBKVOTestClassOne.m in Sources */ = {isa = PBXBuildFile; fileRef = 378176981D62AB980092C6A4 /* CBKVOTestClassOne.m */; };
		3781769C1D62CEF10092C6A4 /* NSObject+KVO.m in Sources */ = {isa = PBXBuildFile; fileRef = 3781769B1D62CEF10092C6A4 /* NSObject+KVO.m */; };
		378176A11D633D740092C6A4 /* CBKVCRealizeViewController.m in Sources */ = {isa = PBXBuildFile; fileRef = 378176A01D633D740092C6A4 /* CBKVCRealizeViewController.m */; };
		378176A41D633EC00092C6A4 /* CBObject+KVC.m in Sources */ = {isa = PBXBuildFile; fileRef = 378176A31D633EC00092C6A4 /* CBObject+KVC.m */; };
		378176A81D63FD6F0092C6A4 /* CBRunTimeVIewController.m in Sources */ = {isa = PBXBuildFile; fileRef = 378176A71D63FD6F0092C6A4 /* CBRunTimeVIewController.m */; };
		378176AC1D63FE020092C6A4 /* CBCoreDataViewController.m in Sources */ = {isa = PBXBuildFile; fileRef = 378176AB1D63FE020092C6A4 /* CBCoreDataViewController.m */; };
		378176AF1D63FEEE0092C6A4 /* CBCoreDataThirdLibUseViewController.m in Sources */ = {isa = PBXBuildFile; fileRef = 378176AE1D63FEEE0092C6A4 /* CBCoreDataThirdLibUseViewController.m */; };
		37F3C4051D5DC6CA00C3CB1F /* main.m in Sources */ = {isa = PBXBuildFile; fileRef = 37F3C4041D5DC6CA00C3CB1F /* main.m */; };
		37F3C4081D5DC6CA00C3CB1F /* AppDelegate.m in Sources */ = {isa = PBXBuildFile; fileRef = 37F3C4071D5DC6CA00C3CB1F /* AppDelegate.m */; };
		37F3C4101D5DC6CA00C3CB1F /* Assets.xcassets in Resources */ = {isa = PBXBuildFile; fileRef = 37F3C40F1D5DC6CA00C3CB1F /* Assets.xcassets */; };
		37F3C4131D5DC6CA00C3CB1F /* LaunchScreen.storyboard in Resources */ = {isa = PBXBuildFile; fileRef = 37F3C4111D5DC6CA00C3CB1F /* LaunchScreen.storyboard */; };
		37F3C41C1D5DD1A800C3CB1F /* CBTabbarController.m in Sources */ = {isa = PBXBuildFile; fileRef = 37F3C41B1D5DD1A800C3CB1F /* CBTabbarController.m */; };
		37F3C4221D5DD33100C3CB1F /* CBBasicUseViewController.m in Sources */ = {isa = PBXBuildFile; fileRef = 37F3C4211D5DD33100C3CB1F /* CBBasicUseViewController.m */; };
		37F3C4251D5DD34900C3CB1F /* CBHomeKitViewController.m in Sources */ = {isa = PBXBuildFile; fileRef = 37F3C4241D5DD34900C3CB1F /* CBHomeKitViewController.m */; };
		37F3C4281D5DD35900C3CB1F /* CBHomePrincipleViewController.m in Sources */ = {isa = PBXBuildFile; fileRef = 37F3C4271D5DD35900C3CB1F /* CBHomePrincipleViewController.m */; };
		37F3C42B1D5DD46E00C3CB1F /* CBNavigationController.m in Sources */ = {isa = PBXBuildFile; fileRef = 37F3C42A1D5DD46E00C3CB1F /* CBNavigationController.m */; };
		37F3C42E1D5DD66000C3CB1F /* CBSkipItem.m in Sources */ = {isa = PBXBuildFile; fileRef = 37F3C42D1D5DD66000C3CB1F /* CBSkipItem.m */; };
		37F3C4311D5DD6C300C3CB1F /* CBBaseTableViewController.m in Sources */ = {isa = PBXBuildFile; fileRef = 37F3C4301D5DD6C300C3CB1F /* CBBaseTableViewController.m */; };
		3E73405939781273C26D607B /* Pods.framework in Frameworks */ = {isa = PBXBuildFile; fileRef = 0357BF4552C0992C83D90A5D /* Pods.framework */; };
/* End PBXBuildFile section */

/* Begin PBXFileReference section */
		0357BF4552C0992C83D90A5D /* Pods.framework */ = {isa = PBXFileReference; explicitFileType = wrapper.framework; includeInIndex = 0; path = Pods.framework; sourceTree = BUILT_PRODUCTS_DIR; };
		25B811628CA54DA3748105F2 /* Pods.release.xcconfig */ = {isa = PBXFileReference; includeInIndex = 1; lastKnownFileType = text.xcconfig; name = Pods.release.xcconfig; path = "Pods/Target Support Files/Pods/Pods.release.xcconfig"; sourceTree = "<group>"; };
		371621311D658C0800CC2D4A /* CBWebImageCompat.h */ = {isa = PBXFileReference; fileEncoding = 4; lastKnownFileType = sourcecode.c.h; path = CBWebImageCompat.h; sourceTree = "<group>"; };
		371621321D658C0800CC2D4A /* CBWebImageCompat.m */ = {isa = PBXFileReference; fileEncoding = 4; lastKnownFileType = sourcecode.c.objc; path = CBWebImageCompat.m; sourceTree = "<group>"; };
		371621331D658C0800CC2D4A /* CBWebImageDownloader.h */ = {isa = PBXFileReference; fileEncoding = 4; lastKnownFileType = sourcecode.c.h; path = CBWebImageDownloader.h; sourceTree = "<group>"; };
		371621341D658C0800CC2D4A /* CBWebImageDownloader.m */ = {isa = PBXFileReference; fileEncoding = 4; lastKnownFileType = sourcecode.c.objc; path = CBWebImageDownloader.m; sourceTree = "<group>"; };
		371621351D658C0800CC2D4A /* CBWebImageDownloaderOperation.h */ = {isa = PBXFileReference; fileEncoding = 4; lastKnownFileType = sourcecode.c.h; path = CBWebImageDownloaderOperation.h; sourceTree = "<group>"; };
		371621361D658C0800CC2D4A /* CBWebImageDownloaderOperation.m */ = {isa = PBXFileReference; fileEncoding = 4; lastKnownFileType = sourcecode.c.objc; path = CBWebImageDownloaderOperation.m; sourceTree = "<group>"; };
		3716213A1D65AC5D00CC2D4A /* CBWebImageManager.h */ = {isa = PBXFileReference; fileEncoding = 4; lastKnownFileType = sourcecode.c.h; path = CBWebImageManager.h; sourceTree = "<group>"; };
		3716213B1D65AC5D00CC2D4A /* CBWebImageManager.m */ = {isa = PBXFileReference; fileEncoding = 4; lastKnownFileType = sourcecode.c.objc; path = CBWebImageManager.m; sourceTree = "<group>"; };
		3716213D1D65B7FB00CC2D4A /* CBConstant.h */ = {isa = PBXFileReference; lastKnownFileType = sourcecode.c.h; path = CBConstant.h; sourceTree = "<group>"; };
		3716213F1D65B93B00CC2D4A /* UIView+Layout.h */ = {isa = PBXFileReference; fileEncoding = 4; lastKnownFileType = sourcecode.c.h; path = "UIView+Layout.h"; sourceTree = "<group>"; };
		371621401D65B93B00CC2D4A /* UIView+Layout.m */ = {isa = PBXFileReference; fileEncoding = 4; lastKnownFileType = sourcecode.c.objc; path = "UIView+Layout.m"; sourceTree = "<group>"; };
		371621421D65CFE000CC2D4A /* CBImageCache.h */ = {isa = PBXFileReference; fileEncoding = 4; lastKnownFileType = sourcecode.c.h; path = CBImageCache.h; sourceTree = "<group>"; };
		371621431D65CFE000CC2D4A /* CBImageCache.m */ = {isa = PBXFileReference; fileEncoding = 4; lastKnownFileType = sourcecode.c.objc; path = CBImageCache.m; sourceTree = "<group>"; };
		37726A161D6447AB00294575 /* CBWebImageViewController.h */ = {isa = PBXFileReference; fileEncoding = 4; lastKnownFileType = sourcecode.c.h; path = CBWebImageViewController.h; sourceTree = "<group>"; };
		37726A171D6447AB00294575 /* CBWebImageViewController.m */ = {isa = PBXFileReference; fileEncoding = 4; lastKnownFileType = sourcecode.c.objc; path = CBWebImageViewController.m; sourceTree = "<group>"; };
		37726A1F1D64581300294575 /* CBGCDViewController.h */ = {isa = PBXFileReference; fileEncoding = 4; lastKnownFileType = sourcecode.c.h; path = CBGCDViewController.h; sourceTree = "<group>"; };
		37726A201D64581300294575 /* CBGCDViewController.m */ = {isa = PBXFileReference; fileEncoding = 4; lastKnownFileType = sourcecode.c.objc; path = CBGCDViewController.m; sourceTree = "<group>"; };
		37726A221D64582800294575 /* CBOperationViewController.h */ = {isa = PBXFileReference; fileEncoding = 4; lastKnownFileType = sourcecode.c.h; path = CBOperationViewController.h; sourceTree = "<group>"; };
		37726A231D64582800294575 /* CBOperationViewController.m */ = {isa = PBXFileReference; fileEncoding = 4; lastKnownFileType = sourcecode.c.objc; path = CBOperationViewController.m; sourceTree = "<group>"; };
		37726A251D64583500294575 /* CBThreadViewController.h */ = {isa = PBXFileReference; fileEncoding = 4; lastKnownFileType = sourcecode.c.h; path = CBThreadViewController.h; sourceTree = "<group>"; };
		37726A261D64583500294575 /* CBThreadViewController.m */ = {isa = PBXFileReference; fileEncoding = 4; lastKnownFileType = sourcecode.c.objc; path = CBThreadViewController.m; sourceTree = "<group>"; };
		3781767B1D61D9620092C6A4 /* PrefixHeader.pch */ = {isa = PBXFileReference; lastKnownFileType = sourcecode.c.h; path = PrefixHeader.pch; sourceTree = "<group>"; };
		3781767C1D61DA050092C6A4 /* CBNSRunLoopViewController.h */ = {isa = PBXFileReference; fileEncoding = 4; lastKnownFileType = sourcecode.c.h; path = CBNSRunLoopViewController.h; sourceTree = "<group>"; };
		3781767D1D61DA050092C6A4 /* CBNSRunLoopViewController.m */ = {isa = PBXFileReference; fileEncoding = 4; lastKnownFileType = sourcecode.c.objc; path = CBNSRunLoopViewController.m; sourceTree = "<group>"; };
		3781767F1D61DA180092C6A4 /* CBBaseViewController.h */ = {isa = PBXFileReference; fileEncoding = 4; lastKnownFileType = sourcecode.c.h; path = CBBaseViewController.h; sourceTree = "<group>"; };
		378176801D61DA180092C6A4 /* CBBaseViewController.m */ = {isa = PBXFileReference; fileEncoding = 4; lastKnownFileType = sourcecode.c.objc; path = CBBaseViewController.m; sourceTree = "<group>"; };
		378176821D61DA3F0092C6A4 /* CBCFRunLoopViewController.h */ = {isa = PBXFileReference; fileEncoding = 4; lastKnownFileType = sourcecode.c.h; path = CBCFRunLoopViewController.h; sourceTree = "<group>"; };
		378176831D61DA3F0092C6A4 /* CBCFRunLoopViewController.m */ = {isa = PBXFileReference; fileEncoding = 4; lastKnownFileType = sourcecode.c.objc; path = CBCFRunLoopViewController.m; sourceTree = "<group>"; };
		378176851D61E2380092C6A4 /* CBStudyDemo-Bridging-Header.h */ = {isa = PBXFileReference; lastKnownFileType = sourcecode.c.h; path = "CBStudyDemo-Bridging-Header.h"; sourceTree = "<group>"; };
		378176861D61E2380092C6A4 /* CBSwiftNormal.swift */ = {isa = PBXFileReference; fileEncoding = 4; lastKnownFileType = sourcecode.swift; path = CBSwiftNormal.swift; sourceTree = "<group>"; };
		378176881D61E2A70092C6A4 /* CBNormalInputSource.h */ = {isa = PBXFileReference; fileEncoding = 4; lastKnownFileType = sourcecode.c.h; path = CBNormalInputSource.h; sourceTree = "<group>"; };
		378176891D61E2A70092C6A4 /* CBNormalInputSource.m */ = {isa = PBXFileReference; fileEncoding = 4; lastKnownFileType = sourcecode.c.objc; path = CBNormalInputSource.m; sourceTree = "<group>"; };
		3781768C1D61E4980092C6A4 /* CBThread.h */ = {isa = PBXFileReference; fileEncoding = 4; lastKnownFileType = sourcecode.c.h; path = CBThread.h; sourceTree = "<group>"; };
		3781768D1D61E4980092C6A4 /* CBThread.m */ = {isa = PBXFileReference; fileEncoding = 4; lastKnownFileType = sourcecode.c.objc; path = CBThread.m; sourceTree = "<group>"; };
		378176911D62A9100092C6A4 /* CBKVORealizeViewController.h */ = {isa = PBXFileReference; fileEncoding = 4; lastKnownFileType = sourcecode.c.h; path = CBKVORealizeViewController.h; sourceTree = "<group>"; };
		378176921D62A9100092C6A4 /* CBKVORealizeViewController.m */ = {isa = PBXFileReference; fileEncoding = 4; lastKnownFileType = sourcecode.c.objc; path = CBKVORealizeViewController.m; sourceTree = "<group>"; };
		378176941D62A9600092C6A4 /* CBKVOBlockViewController.h */ = {isa = PBXFileReference; fileEncoding = 4; lastKnownFileType = sourcecode.c.h; path = CBKVOBlockViewController.h; sourceTree = "<group>"; };
		378176951D62A9600092C6A4 /* CBKVOBlockViewController.m */ = {isa = PBXFileReference; fileEncoding = 4; lastKnownFileType = sourcecode.c.objc; path = CBKVOBlockViewController.m; sourceTree = "<group>"; };
		378176971D62AB980092C6A4 /* CBKVOTestClassOne.h */ = {isa = PBXFileReference; fileEncoding = 4; lastKnownFileType = sourcecode.c.h; path = CBKVOTestClassOne.h; sourceTree = "<group>"; };
		378176981D62AB980092C6A4 /* CBKVOTestClassOne.m */ = {isa = PBXFileReference; fileEncoding = 4; lastKnownFileType = sourcecode.c.objc; path = CBKVOTestClassOne.m; sourceTree = "<group>"; };
		3781769A1D62CEF10092C6A4 /* NSObject+KVO.h */ = {isa = PBXFileReference; fileEncoding = 4; lastKnownFileType = sourcecode.c.h; path = "NSObject+KVO.h"; sourceTree = "<group>"; };
		3781769B1D62CEF10092C6A4 /* NSObject+KVO.m */ = {isa = PBXFileReference; fileEncoding = 4; lastKnownFileType = sourcecode.c.objc; path = "NSObject+KVO.m"; sourceTree = "<group>"; };
		3781769D1D62D9FC0092C6A4 /* CBRunTimeMethod.h */ = {isa = PBXFileReference; lastKnownFileType = sourcecode.c.h; path = CBRunTimeMethod.h; sourceTree = "<group>"; };
		3781769F1D633D740092C6A4 /* CBKVCRealizeViewController.h */ = {isa = PBXFileReference; fileEncoding = 4; lastKnownFileType = sourcecode.c.h; path = CBKVCRealizeViewController.h; sourceTree = "<group>"; };
		378176A01D633D740092C6A4 /* CBKVCRealizeViewController.m */ = {isa = PBXFileReference; fileEncoding = 4; lastKnownFileType = sourcecode.c.objc; path = CBKVCRealizeViewController.m; sourceTree = "<group>"; };
		378176A21D633EC00092C6A4 /* CBObject+KVC.h */ = {isa = PBXFileReference; fileEncoding = 4; lastKnownFileType = sourcecode.c.h; path = "CBObject+KVC.h"; sourceTree = "<group>"; };
		378176A31D633EC00092C6A4 /* CBObject+KVC.m */ = {isa = PBXFileReference; fileEncoding = 4; lastKnownFileType = sourcecode.c.objc; path = "CBObject+KVC.m"; sourceTree = "<group>"; };
		378176A61D63FD6F0092C6A4 /* CBRunTimeVIewController.h */ = {isa = PBXFileReference; fileEncoding = 4; lastKnownFileType = sourcecode.c.h; path = CBRunTimeVIewController.h; sourceTree = "<group>"; };
		378176A71D63FD6F0092C6A4 /* CBRunTimeVIewController.m */ = {isa = PBXFileReference; fileEncoding = 4; lastKnownFileType = sourcecode.c.objc; path = CBRunTimeVIewController.m; sourceTree = "<group>"; };
		378176AA1D63FE020092C6A4 /* CBCoreDataViewController.h */ = {isa = PBXFileReference; fileEncoding = 4; lastKnownFileType = sourcecode.c.h; path = CBCoreDataViewController.h; sourceTree = "<group>"; };
		378176AB1D63FE020092C6A4 /* CBCoreDataViewController.m */ = {isa = PBXFileReference; fileEncoding = 4; lastKnownFileType = sourcecode.c.objc; path = CBCoreDataViewController.m; sourceTree = "<group>"; };
		378176AD1D63FEEE0092C6A4 /* CBCoreDataThirdLibUseViewController.h */ = {isa = PBXFileReference; fileEncoding = 4; lastKnownFileType = sourcecode.c.h; path = CBCoreDataThirdLibUseViewController.h; sourceTree = "<group>"; };
		378176AE1D63FEEE0092C6A4 /* CBCoreDataThirdLibUseViewController.m */ = {isa = PBXFileReference; fileEncoding = 4; lastKnownFileType = sourcecode.c.objc; path = CBCoreDataThirdLibUseViewController.m; sourceTree = "<group>"; };
		37F3C4001D5DC6CA00C3CB1F /* CBStudyDemo.app */ = {isa = PBXFileReference; explicitFileType = wrapper.application; includeInIndex = 0; path = CBStudyDemo.app; sourceTree = BUILT_PRODUCTS_DIR; };
		37F3C4041D5DC6CA00C3CB1F /* main.m */ = {isa = PBXFileReference; lastKnownFileType = sourcecode.c.objc; path = main.m; sourceTree = "<group>"; };
		37F3C4061D5DC6CA00C3CB1F /* AppDelegate.h */ = {isa = PBXFileReference; lastKnownFileType = sourcecode.c.h; path = AppDelegate.h; sourceTree = "<group>"; };
		37F3C4071D5DC6CA00C3CB1F /* AppDelegate.m */ = {isa = PBXFileReference; lastKnownFileType = sourcecode.c.objc; path = AppDelegate.m; sourceTree = "<group>"; };
		37F3C40F1D5DC6CA00C3CB1F /* Assets.xcassets */ = {isa = PBXFileReference; lastKnownFileType = folder.assetcatalog; path = Assets.xcassets; sourceTree = "<group>"; };
		37F3C4121D5DC6CA00C3CB1F /* Base */ = {isa = PBXFileReference; lastKnownFileType = file.storyboard; name = Base; path = Base.lproj/LaunchScreen.storyboard; sourceTree = "<group>"; };
		37F3C4141D5DC6CA00C3CB1F /* Info.plist */ = {isa = PBXFileReference; lastKnownFileType = text.plist.xml; path = Info.plist; sourceTree = "<group>"; };
		37F3C41A1D5DD1A800C3CB1F /* CBTabbarController.h */ = {isa = PBXFileReference; fileEncoding = 4; lastKnownFileType = sourcecode.c.h; path = CBTabbarController.h; sourceTree = "<group>"; };
		37F3C41B1D5DD1A800C3CB1F /* CBTabbarController.m */ = {isa = PBXFileReference; fileEncoding = 4; lastKnownFileType = sourcecode.c.objc; path = CBTabbarController.m; sourceTree = "<group>"; };
		37F3C4201D5DD33100C3CB1F /* CBBasicUseViewController.h */ = {isa = PBXFileReference; fileEncoding = 4; lastKnownFileType = sourcecode.c.h; path = CBBasicUseViewController.h; sourceTree = "<group>"; };
		37F3C4211D5DD33100C3CB1F /* CBBasicUseViewController.m */ = {isa = PBXFileReference; fileEncoding = 4; lastKnownFileType = sourcecode.c.objc; path = CBBasicUseViewController.m; sourceTree = "<group>"; };
		37F3C4231D5DD34900C3CB1F /* CBHomeKitViewController.h */ = {isa = PBXFileReference; fileEncoding = 4; lastKnownFileType = sourcecode.c.h; path = CBHomeKitViewController.h; sourceTree = "<group>"; };
		37F3C4241D5DD34900C3CB1F /* CBHomeKitViewController.m */ = {isa = PBXFileReference; fileEncoding = 4; lastKnownFileType = sourcecode.c.objc; path = CBHomeKitViewController.m; sourceTree = "<group>"; };
		37F3C4261D5DD35900C3CB1F /* CBHomePrincipleViewController.h */ = {isa = PBXFileReference; fileEncoding = 4; lastKnownFileType = sourcecode.c.h; path = CBHomePrincipleViewController.h; sourceTree = "<group>"; };
		37F3C4271D5DD35900C3CB1F /* CBHomePrincipleViewController.m */ = {isa = PBXFileReference; fileEncoding = 4; lastKnownFileType = sourcecode.c.objc; path = CBHomePrincipleViewController.m; sourceTree = "<group>"; };
		37F3C4291D5DD46E00C3CB1F /* CBNavigationController.h */ = {isa = PBXFileReference; fileEncoding = 4; lastKnownFileType = sourcecode.c.h; path = CBNavigationController.h; sourceTree = "<group>"; };
		37F3C42A1D5DD46E00C3CB1F /* CBNavigationController.m */ = {isa = PBXFileReference; fileEncoding = 4; lastKnownFileType = sourcecode.c.objc; path = CBNavigationController.m; sourceTree = "<group>"; };
		37F3C42C1D5DD66000C3CB1F /* CBSkipItem.h */ = {isa = PBXFileReference; fileEncoding = 4; lastKnownFileType = sourcecode.c.h; path = CBSkipItem.h; sourceTree = "<group>"; };
		37F3C42D1D5DD66000C3CB1F /* CBSkipItem.m */ = {isa = PBXFileReference; fileEncoding = 4; lastKnownFileType = sourcecode.c.objc; path = CBSkipItem.m; sourceTree = "<group>"; };
		37F3C42F1D5DD6C300C3CB1F /* CBBaseTableViewController.h */ = {isa = PBXFileReference; fileEncoding = 4; lastKnownFileType = sourcecode.c.h; path = CBBaseTableViewController.h; sourceTree = "<group>"; };
		37F3C4301D5DD6C300C3CB1F /* CBBaseTableViewController.m */ = {isa = PBXFileReference; fileEncoding = 4; lastKnownFileType = sourcecode.c.objc; path = CBBaseTableViewController.m; sourceTree = "<group>"; };
		867089A0BBE77A50F49D6D32 /* Pods.debug.xcconfig */ = {isa = PBXFileReference; includeInIndex = 1; lastKnownFileType = text.xcconfig; name = Pods.debug.xcconfig; path = "Pods/Target Support Files/Pods/Pods.debug.xcconfig"; sourceTree = "<group>"; };
/* End PBXFileReference section */

/* Begin PBXFrameworksBuildPhase section */
		37F3C3FD1D5DC6CA00C3CB1F /* Frameworks */ = {
			isa = PBXFrameworksBuildPhase;
			buildActionMask = 2147483647;
			files = (
				3E73405939781273C26D607B /* Pods.framework in Frameworks */,
			);
			runOnlyForDeploymentPostprocessing = 0;
		};
/* End PBXFrameworksBuildPhase section */

/* Begin PBXGroup section */
		371621301D658C0800CC2D4A /* CBWebImg */ = {
			isa = PBXGroup;
			children = (
				371621311D658C0800CC2D4A /* CBWebImageCompat.h */,
				371621321D658C0800CC2D4A /* CBWebImageCompat.m */,
				3716213A1D65AC5D00CC2D4A /* CBWebImageManager.h */,
				3716213B1D65AC5D00CC2D4A /* CBWebImageManager.m */,
				371621331D658C0800CC2D4A /* CBWebImageDownloader.h */,
				371621341D658C0800CC2D4A /* CBWebImageDownloader.m */,
				371621351D658C0800CC2D4A /* CBWebImageDownloaderOperation.h */,
				371621361D658C0800CC2D4A /* CBWebImageDownloaderOperation.m */,
				371621421D65CFE000CC2D4A /* CBImageCache.h */,
				371621431D65CFE000CC2D4A /* CBImageCache.m */,
			);
			path = CBWebImg;
			sourceTree = "<group>";
		};
		3716213E1D65B8EF00CC2D4A /* CBUIKit */ = {
			isa = PBXGroup;
			children = (
				3716213F1D65B93B00CC2D4A /* UIView+Layout.h */,
				371621401D65B93B00CC2D4A /* UIView+Layout.m */,
			);
			name = CBUIKit;
			path = CBStudyDemo/CBUIKit;
			sourceTree = SOURCE_ROOT;
		};
		3781767A1D61D8FE0092C6A4 /* RunLoop */ = {
			isa = PBXGroup;
			children = (
				3781767C1D61DA050092C6A4 /* CBNSRunLoopViewController.h */,
				3781767D1D61DA050092C6A4 /* CBNSRunLoopViewController.m */,
				378176821D61DA3F0092C6A4 /* CBCFRunLoopViewController.h */,
				378176831D61DA3F0092C6A4 /* CBCFRunLoopViewController.m */,
				378176881D61E2A70092C6A4 /* CBNormalInputSource.h */,
				378176891D61E2A70092C6A4 /* CBNormalInputSource.m */,
			);
			name = RunLoop;
			sourceTree = "<group>";
		};
		3781768B1D61E40B0092C6A4 /* Multi-Thread */ = {
			isa = PBXGroup;
			children = (
				3781768C1D61E4980092C6A4 /* CBThread.h */,
				3781768D1D61E4980092C6A4 /* CBThread.m */,
				37726A1F1D64581300294575 /* CBGCDViewController.h */,
				37726A201D64581300294575 /* CBGCDViewController.m */,
				37726A221D64582800294575 /* CBOperationViewController.h */,
				37726A231D64582800294575 /* CBOperationViewController.m */,
				37726A251D64583500294575 /* CBThreadViewController.h */,
				37726A261D64583500294575 /* CBThreadViewController.m */,
			);
			name = "Multi-Thread";
			sourceTree = "<group>";
		};
		378176901D62A8E10092C6A4 /* KVO */ = {
			isa = PBXGroup;
			children = (
				378176911D62A9100092C6A4 /* CBKVORealizeViewController.h */,
				378176921D62A9100092C6A4 /* CBKVORealizeViewController.m */,
				3781769A1D62CEF10092C6A4 /* NSObject+KVO.h */,
				3781769B1D62CEF10092C6A4 /* NSObject+KVO.m */,
				3781769D1D62D9FC0092C6A4 /* CBRunTimeMethod.h */,
				378176971D62AB980092C6A4 /* CBKVOTestClassOne.h */,
				378176981D62AB980092C6A4 /* CBKVOTestClassOne.m */,
				378176941D62A9600092C6A4 /* CBKVOBlockViewController.h */,
				378176951D62A9600092C6A4 /* CBKVOBlockViewController.m */,
			);
			name = KVO;
			sourceTree = "<group>";
		};
		3781769E1D633D570092C6A4 /* KVC */ = {
			isa = PBXGroup;
			children = (
				3781769F1D633D740092C6A4 /* CBKVCRealizeViewController.h */,
				378176A01D633D740092C6A4 /* CBKVCRealizeViewController.m */,
				378176A21D633EC00092C6A4 /* CBObject+KVC.h */,
				378176A31D633EC00092C6A4 /* CBObject+KVC.m */,
			);
			name = KVC;
			sourceTree = "<group>";
		};
		378176A51D63FD460092C6A4 /* RunTime */ = {
			isa = PBXGroup;
			children = (
				378176A61D63FD6F0092C6A4 /* CBRunTimeVIewController.h */,
				378176A71D63FD6F0092C6A4 /* CBRunTimeVIewController.m */,
			);
			name = RunTime;
			sourceTree = "<group>";
		};
		378176A91D63FDEF0092C6A4 /* CoreData */ = {
			isa = PBXGroup;
			children = (
				378176AA1D63FE020092C6A4 /* CBCoreDataViewController.h */,
				378176AB1D63FE020092C6A4 /* CBCoreDataViewController.m */,
				378176AD1D63FEEE0092C6A4 /* CBCoreDataThirdLibUseViewController.h */,
				378176AE1D63FEEE0092C6A4 /* CBCoreDataThirdLibUseViewController.m */,
			);
			name = CoreData;
			sourceTree = "<group>";
		};
		37F3C3F71D5DC6CA00C3CB1F = {
			isa = PBXGroup;
			children = (
				37F3C4021D5DC6CA00C3CB1F /* CBStudyDemo */,
				37F3C4011D5DC6CA00C3CB1F /* Products */,
				9DCA10EDD75C0CC0C2F459E7 /* Pods */,
				B91DCCBB54657B2733D5EE22 /* Frameworks */,
			);
			sourceTree = "<group>";
		};
		37F3C4011D5DC6CA00C3CB1F /* Products */ = {
			isa = PBXGroup;
			children = (
				37F3C4001D5DC6CA00C3CB1F /* CBStudyDemo.app */,
			);
			name = Products;
			sourceTree = "<group>";
		};
		37F3C4021D5DC6CA00C3CB1F /* CBStudyDemo */ = {
			isa = PBXGroup;
			children = (
				37F3C41D1D5DD31100C3CB1F /* BasicUse */,
				37F3C41E1D5DD31100C3CB1F /* CBKit */,
				37F3C41F1D5DD31100C3CB1F /* Principle */,
				37F3C4061D5DC6CA00C3CB1F /* AppDelegate.h */,
				37F3C4071D5DC6CA00C3CB1F /* AppDelegate.m */,
				37F3C41A1D5DD1A800C3CB1F /* CBTabbarController.h */,
				37F3C41B1D5DD1A800C3CB1F /* CBTabbarController.m */,
				37F3C42C1D5DD66000C3CB1F /* CBSkipItem.h */,
				37F3C42D1D5DD66000C3CB1F /* CBSkipItem.m */,
				37F3C42F1D5DD6C300C3CB1F /* CBBaseTableViewController.h */,
				37F3C4301D5DD6C300C3CB1F /* CBBaseTableViewController.m */,
				3781767F1D61DA180092C6A4 /* CBBaseViewController.h */,
				378176801D61DA180092C6A4 /* CBBaseViewController.m */,
				37F3C4291D5DD46E00C3CB1F /* CBNavigationController.h */,
				37F3C42A1D5DD46E00C3CB1F /* CBNavigationController.m */,
				378176861D61E2380092C6A4 /* CBSwiftNormal.swift */,
				3716213D1D65B7FB00CC2D4A /* CBConstant.h */,
				37F3C40F1D5DC6CA00C3CB1F /* Assets.xcassets */,
				37F3C4111D5DC6CA00C3CB1F /* LaunchScreen.storyboard */,
				37F3C4141D5DC6CA00C3CB1F /* Info.plist */,
				37F3C4031D5DC6CA00C3CB1F /* Supporting Files */,
				378176851D61E2380092C6A4 /* CBStudyDemo-Bridging-Header.h */,
			);
			path = CBStudyDemo;
			sourceTree = "<group>";
		};
		37F3C4031D5DC6CA00C3CB1F /* Supporting Files */ = {
			isa = PBXGroup;
			children = (
				37F3C4041D5DC6CA00C3CB1F /* main.m */,
				3781767B1D61D9620092C6A4 /* PrefixHeader.pch */,
			);
			name = "Supporting Files";
			sourceTree = "<group>";
		};
		37F3C41D1D5DD31100C3CB1F /* BasicUse */ = {
			isa = PBXGroup;
			children = (
				3716213E1D65B8EF00CC2D4A /* CBUIKit */,
				378176A91D63FDEF0092C6A4 /* CoreData */,
				378176A51D63FD460092C6A4 /* RunTime */,
				3781768B1D61E40B0092C6A4 /* Multi-Thread */,
				3781767A1D61D8FE0092C6A4 /* RunLoop */,
				37F3C4201D5DD33100C3CB1F /* CBBasicUseViewController.h */,
				37F3C4211D5DD33100C3CB1F /* CBBasicUseViewController.m */,
			);
			path = BasicUse;
			sourceTree = "<group>";
		};
		37F3C41E1D5DD31100C3CB1F /* CBKit */ = {
			isa = PBXGroup;
			children = (
				371621301D658C0800CC2D4A /* CBWebImg */,
				37F3C4231D5DD34900C3CB1F /* CBHomeKitViewController.h */,
				37F3C4241D5DD34900C3CB1F /* CBHomeKitViewController.m */,
				37726A161D6447AB00294575 /* CBWebImageViewController.h */,
				37726A171D6447AB00294575 /* CBWebImageViewController.m */,
			);
			path = CBKit;
			sourceTree = "<group>";
		};
		37F3C41F1D5DD31100C3CB1F /* Principle */ = {
			isa = PBXGroup;
			children = (
				3781769E1D633D570092C6A4 /* KVC */,
				378176901D62A8E10092C6A4 /* KVO */,
				37F3C4261D5DD35900C3CB1F /* CBHomePrincipleViewController.h */,
				37F3C4271D5DD35900C3CB1F /* CBHomePrincipleViewController.m */,
			);
			path = Principle;
			sourceTree = "<group>";
		};
		9DCA10EDD75C0CC0C2F459E7 /* Pods */ = {
			isa = PBXGroup;
			children = (
				867089A0BBE77A50F49D6D32 /* Pods.debug.xcconfig */,
				25B811628CA54DA3748105F2 /* Pods.release.xcconfig */,
			);
			name = Pods;
			sourceTree = "<group>";
		};
		B91DCCBB54657B2733D5EE22 /* Frameworks */ = {
			isa = PBXGroup;
			children = (
				0357BF4552C0992C83D90A5D /* Pods.framework */,
			);
			name = Frameworks;
			sourceTree = "<group>";
		};
/* End PBXGroup section */

/* Begin PBXNativeTarget section */
		37F3C3FF1D5DC6CA00C3CB1F /* CBStudyDemo */ = {
			isa = PBXNativeTarget;
			buildConfigurationList = 37F3C4171D5DC6CA00C3CB1F /* Build configuration list for PBXNativeTarget "CBStudyDemo" */;
			buildPhases = (
				8BA58C09B1984A9806EC9D7A /* Check Pods Manifest.lock */,
				37F3C3FC1D5DC6CA00C3CB1F /* Sources */,
				37F3C3FD1D5DC6CA00C3CB1F /* Frameworks */,
				37F3C3FE1D5DC6CA00C3CB1F /* Resources */,
				539955E35D739F7EF9590193 /* Embed Pods Frameworks */,
				581158F28FD74B95AE68EA42 /* Copy Pods Resources */,
			);
			buildRules = (
			);
			dependencies = (
			);
			name = CBStudyDemo;
			productName = CBStudyDemo;
			productReference = 37F3C4001D5DC6CA00C3CB1F /* CBStudyDemo.app */;
			productType = "com.apple.product-type.application";
		};
/* End PBXNativeTarget section */

/* Begin PBXProject section */
		37F3C3F81D5DC6CA00C3CB1F /* Project object */ = {
			isa = PBXProject;
			attributes = {
				LastUpgradeCheck = 0730;
				ORGANIZATIONNAME = ChenBin;
				TargetAttributes = {
					37F3C3FF1D5DC6CA00C3CB1F = {
						CreatedOnToolsVersion = 7.3.1;
					};
				};
			};
			buildConfigurationList = 37F3C3FB1D5DC6CA00C3CB1F /* Build configuration list for PBXProject "CBStudyDemo" */;
			compatibilityVersion = "Xcode 3.2";
			developmentRegion = English;
			hasScannedForEncodings = 0;
			knownRegions = (
				en,
				Base,
			);
			mainGroup = 37F3C3F71D5DC6CA00C3CB1F;
			productRefGroup = 37F3C4011D5DC6CA00C3CB1F /* Products */;
			projectDirPath = "";
			projectRoot = "";
			targets = (
				37F3C3FF1D5DC6CA00C3CB1F /* CBStudyDemo */,
			);
		};
/* End PBXProject section */

/* Begin PBXResourcesBuildPhase section */
		37F3C3FE1D5DC6CA00C3CB1F /* Resources */ = {
			isa = PBXResourcesBuildPhase;
			buildActionMask = 2147483647;
			files = (
				37F3C4131D5DC6CA00C3CB1F /* LaunchScreen.storyboard in Resources */,
				37F3C4101D5DC6CA00C3CB1F /* Assets.xcassets in Resources */,
			);
			runOnlyForDeploymentPostprocessing = 0;
		};
/* End PBXResourcesBuildPhase section */

/* Begin PBXShellScriptBuildPhase section */
		539955E35D739F7EF9590193 /* Embed Pods Frameworks */ = {
			isa = PBXShellScriptBuildPhase;
			buildActionMask = 2147483647;
			files = (
			);
			inputPaths = (
			);
			name = "Embed Pods Frameworks";
			outputPaths = (
			);
			runOnlyForDeploymentPostprocessing = 0;
			shellPath = /bin/sh;
			shellScript = "\"${SRCROOT}/Pods/Target Support Files/Pods/Pods-frameworks.sh\"\n";
			showEnvVarsInLog = 0;
		};
		581158F28FD74B95AE68EA42 /* Copy Pods Resources */ = {
			isa = PBXShellScriptBuildPhase;
			buildActionMask = 2147483647;
			files = (
			);
			inputPaths = (
			);
			name = "Copy Pods Resources";
			outputPaths = (
			);
			runOnlyForDeploymentPostprocessing = 0;
			shellPath = /bin/sh;
			shellScript = "\"${SRCROOT}/Pods/Target Support Files/Pods/Pods-resources.sh\"\n";
			showEnvVarsInLog = 0;
		};
		8BA58C09B1984A9806EC9D7A /* Check Pods Manifest.lock */ = {
			isa = PBXShellScriptBuildPhase;
			buildActionMask = 2147483647;
			files = (
			);
			inputPaths = (
			);
			name = "Check Pods Manifest.lock";
			outputPaths = (
			);
			runOnlyForDeploymentPostprocessing = 0;
			shellPath = /bin/sh;
			shellScript = "diff \"${PODS_ROOT}/../Podfile.lock\" \"${PODS_ROOT}/Manifest.lock\" > /dev/null\nif [[ $? != 0 ]] ; then\n    cat << EOM\nerror: The sandbox is not in sync with the Podfile.lock. Run 'pod install' or update your CocoaPods installation.\nEOM\n    exit 1\nfi\n";
			showEnvVarsInLog = 0;
		};
/* End PBXShellScriptBuildPhase section */

/* Begin PBXSourcesBuildPhase section */
		37F3C3FC1D5DC6CA00C3CB1F /* Sources */ = {
			isa = PBXSourcesBuildPhase;
			buildActionMask = 2147483647;
			files = (
				378176A81D63FD6F0092C6A4 /* CBRunTimeVIewController.m in Sources */,
				37F3C4221D5DD33100C3CB1F /* CBBasicUseViewController.m in Sources */,
				3781768E1D61E4980092C6A4 /* CBThread.m in Sources */,
				37726A241D64582800294575 /* CBOperationViewController.m in Sources */,
				3781768A1D61E2A70092C6A4 /* CBNormalInputSource.m in Sources */,
				37F3C4281D5DD35900C3CB1F /* CBHomePrincipleViewController.m in Sources */,
				37F3C42E1D5DD66000C3CB1F /* CBSkipItem.m in Sources */,
				378176811D61DA180092C6A4 /* CBBaseViewController.m in Sources */,
				371621411D65B93B00CC2D4A /* UIView+Layout.m in Sources */,
				37F3C41C1D5DD1A800C3CB1F /* CBTabbarController.m in Sources */,
				37726A271D64583500294575 /* CBThreadViewController.m in Sources */,
				378176931D62A9100092C6A4 /* CBKVORealizeViewController.m in Sources */,
				378176A41D633EC00092C6A4 /* CBObject+KVC.m in Sources */,
				37F3C4251D5DD34900C3CB1F /* CBHomeKitViewController.m in Sources */,
				3781769C1D62CEF10092C6A4 /* NSObject+KVO.m in Sources */,
				37F3C4311D5DD6C300C3CB1F /* CBBaseTableViewController.m in Sources */,
				3716213C1D65AC5D00CC2D4A /* CBWebImageManager.m in Sources */,
				37726A181D6447AB00294575 /* CBWebImageViewController.m in Sources */,
				371621381D658C0800CC2D4A /* CBWebImageDownloader.m in Sources */,
				378176A11D633D740092C6A4 /* CBKVCRealizeViewController.m in Sources */,
				3781767E1D61DA050092C6A4 /* CBNSRunLoopViewController.m in Sources */,
				371621371D658C0800CC2D4A /* CBWebImageCompat.m in Sources */,
				37F3C42B1D5DD46E00C3CB1F /* CBNavigationController.m in Sources */,
				378176961D62A9600092C6A4 /* CBKVOBlockViewController.m in Sources */,
				37F3C4081D5DC6CA00C3CB1F /* AppDelegate.m in Sources */,
				378176871D61E2380092C6A4 /* CBSwiftNormal.swift in Sources */,
				378176991D62AB980092C6A4 /* CBKVOTestClassOne.m in Sources */,
				371621441D65CFE000CC2D4A /* CBImageCache.m in Sources */,
				378176841D61DA3F0092C6A4 /* CBCFRunLoopViewController.m in Sources */,
				378176AC1D63FE020092C6A4 /* CBCoreDataViewController.m in Sources */,
				371621391D658C0800CC2D4A /* CBWebImageDownloaderOperation.m in Sources */,
				378176AF1D63FEEE0092C6A4 /* CBCoreDataThirdLibUseViewController.m in Sources */,
				37F3C4051D5DC6CA00C3CB1F /* main.m in Sources */,
				37726A211D64581300294575 /* CBGCDViewController.m in Sources */,
			);
			runOnlyForDeploymentPostprocessing = 0;
		};
/* End PBXSourcesBuildPhase section */

/* Begin PBXVariantGroup section */
		37F3C4111D5DC6CA00C3CB1F /* LaunchScreen.storyboard */ = {
			isa = PBXVariantGroup;
			children = (
				37F3C4121D5DC6CA00C3CB1F /* Base */,
			);
			name = LaunchScreen.storyboard;
			sourceTree = "<group>";
		};
/* End PBXVariantGroup section */

/* Begin XCBuildConfiguration section */
		37F3C4151D5DC6CA00C3CB1F /* Debug */ = {
			isa = XCBuildConfiguration;
			buildSettings = {
				ALWAYS_SEARCH_USER_PATHS = NO;
				CLANG_ANALYZER_NONNULL = YES;
				CLANG_CXX_LANGUAGE_STANDARD = "gnu++0x";
				CLANG_CXX_LIBRARY = "libc++";
				CLANG_ENABLE_MODULES = YES;
				CLANG_ENABLE_OBJC_ARC = YES;
				CLANG_WARN_BOOL_CONVERSION = YES;
				CLANG_WARN_CONSTANT_CONVERSION = YES;
				CLANG_WARN_DIRECT_OBJC_ISA_USAGE = YES_ERROR;
				CLANG_WARN_EMPTY_BODY = YES;
				CLANG_WARN_ENUM_CONVERSION = YES;
				CLANG_WARN_INT_CONVERSION = YES;
				CLANG_WARN_OBJC_ROOT_CLASS = YES_ERROR;
				CLANG_WARN_UNREACHABLE_CODE = YES;
				CLANG_WARN__DUPLICATE_METHOD_MATCH = YES;
				"CODE_SIGN_IDENTITY[sdk=iphoneos*]" = "iPhone Developer";
				COPY_PHASE_STRIP = NO;
				DEBUG_INFORMATION_FORMAT = dwarf;
				ENABLE_STRICT_OBJC_MSGSEND = YES;
				ENABLE_TESTABILITY = YES;
				GCC_C_LANGUAGE_STANDARD = gnu99;
				GCC_DYNAMIC_NO_PIC = NO;
				GCC_NO_COMMON_BLOCKS = YES;
				GCC_OPTIMIZATION_LEVEL = 0;
				GCC_PREPROCESSOR_DEFINITIONS = (
					"DEBUG=1",
					"$(inherited)",
				);
				GCC_WARN_64_TO_32_BIT_CONVERSION = YES;
				GCC_WARN_ABOUT_RETURN_TYPE = YES_ERROR;
				GCC_WARN_UNDECLARED_SELECTOR = YES;
				GCC_WARN_UNINITIALIZED_AUTOS = YES_AGGRESSIVE;
				GCC_WARN_UNUSED_FUNCTION = YES;
				GCC_WARN_UNUSED_VARIABLE = YES;
				IPHONEOS_DEPLOYMENT_TARGET = 9.3;
				MTL_ENABLE_DEBUG_INFO = YES;
				ONLY_ACTIVE_ARCH = YES;
				SDKROOT = iphoneos;
			};
			name = Debug;
		};
		37F3C4161D5DC6CA00C3CB1F /* Release */ = {
			isa = XCBuildConfiguration;
			buildSettings = {
				ALWAYS_SEARCH_USER_PATHS = NO;
				CLANG_ANALYZER_NONNULL = YES;
				CLANG_CXX_LANGUAGE_STANDARD = "gnu++0x";
				CLANG_CXX_LIBRARY = "libc++";
				CLANG_ENABLE_MODULES = YES;
				CLANG_ENABLE_OBJC_ARC = YES;
				CLANG_WARN_BOOL_CONVERSION = YES;
				CLANG_WARN_CONSTANT_CONVERSION = YES;
				CLANG_WARN_DIRECT_OBJC_ISA_USAGE = YES_ERROR;
				CLANG_WARN_EMPTY_BODY = YES;
				CLANG_WARN_ENUM_CONVERSION = YES;
				CLANG_WARN_INT_CONVERSION = YES;
				CLANG_WARN_OBJC_ROOT_CLASS = YES_ERROR;
				CLANG_WARN_UNREACHABLE_CODE = YES;
				CLANG_WARN__DUPLICATE_METHOD_MATCH = YES;
				"CODE_SIGN_IDENTITY[sdk=iphoneos*]" = "iPhone Developer";
				COPY_PHASE_STRIP = NO;
				DEBUG_INFORMATION_FORMAT = "dwarf-with-dsym";
				ENABLE_NS_ASSERTIONS = NO;
				ENABLE_STRICT_OBJC_MSGSEND = YES;
				GCC_C_LANGUAGE_STANDARD = gnu99;
				GCC_NO_COMMON_BLOCKS = YES;
				GCC_WARN_64_TO_32_BIT_CONVERSION = YES;
				GCC_WARN_ABOUT_RETURN_TYPE = YES_ERROR;
				GCC_WARN_UNDECLARED_SELECTOR = YES;
				GCC_WARN_UNINITIALIZED_AUTOS = YES_AGGRESSIVE;
				GCC_WARN_UNUSED_FUNCTION = YES;
				GCC_WARN_UNUSED_VARIABLE = YES;
				IPHONEOS_DEPLOYMENT_TARGET = 9.3;
				MTL_ENABLE_DEBUG_INFO = NO;
				SDKROOT = iphoneos;
				VALIDATE_PRODUCT = YES;
			};
			name = Release;
		};
		37F3C4181D5DC6CA00C3CB1F /* Debug */ = {
			isa = XCBuildConfiguration;
			baseConfigurationReference = 867089A0BBE77A50F49D6D32 /* Pods.debug.xcconfig */;
			buildSettings = {
				ASSETCATALOG_COMPILER_APPICON_NAME = AppIcon;
				CLANG_ENABLE_MODULES = YES;
				GCC_PREFIX_HEADER = CBStudyDemo/PrefixHeader.pch;
				INFOPLIST_FILE = CBStudyDemo/Info.plist;
				LD_RUNPATH_SEARCH_PATHS = "$(inherited) @executable_path/Frameworks";
				PRODUCT_BUNDLE_IDENTIFIER = com.wnyfk.CBStudyDemo;
				PRODUCT_NAME = "$(TARGET_NAME)";
				SWIFT_OBJC_BRIDGING_HEADER = "CBStudyDemo/CBStudyDemo-Bridging-Header.h";
				SWIFT_OPTIMIZATION_LEVEL = "-Onone";
			};
			name = Debug;
		};
		37F3C4191D5DC6CA00C3CB1F /* Release */ = {
			isa = XCBuildConfiguration;
			baseConfigurationReference = 25B811628CA54DA3748105F2 /* Pods.release.xcconfig */;
			buildSettings = {
				ASSETCATALOG_COMPILER_APPICON_NAME = AppIcon;
				CLANG_ENABLE_MODULES = YES;
				GCC_PREFIX_HEADER = CBStudyDemo/PrefixHeader.pch;
				INFOPLIST_FILE = CBStudyDemo/Info.plist;
				LD_RUNPATH_SEARCH_PATHS = "$(inherited) @executable_path/Frameworks";
				PRODUCT_BUNDLE_IDENTIFIER = com.wnyfk.CBStudyDemo;
				PRODUCT_NAME = "$(TARGET_NAME)";
				SWIFT_OBJC_BRIDGING_HEADER = "CBStudyDemo/CBStudyDemo-Bridging-Header.h";
			};
			name = Release;
		};
/* End XCBuildConfiguration section */

/* Begin XCConfigurationList section */
		37F3C3FB1D5DC6CA00C3CB1F /* Build configuration list for PBXProject "CBStudyDemo" */ = {
			isa = XCConfigurationList;
			buildConfigurations = (
				37F3C4151D5DC6CA00C3CB1F /* Debug */,
				37F3C4161D5DC6CA00C3CB1F /* Release */,
			);
			defaultConfigurationIsVisible = 0;
			defaultConfigurationName = Release;
		};
		37F3C4171D5DC6CA00C3CB1F /* Build configuration list for PBXNativeTarget "CBStudyDemo" */ = {
			isa = XCConfigurationList;
			buildConfigurations = (
				37F3C4181D5DC6CA00C3CB1F /* Debug */,
				37F3C4191D5DC6CA00C3CB1F /* Release */,
			);
			defaultConfigurationIsVisible = 0;
			defaultConfigurationName = Release;
		};
/* End XCConfigurationList section */
	};
	rootObject = 37F3C3F81D5DC6CA00C3CB1F /* Project object */;
}
